
Microsoft Visual Studio Solution File, Format Version 12.00
# Visual Studio 15
VisualStudioVersion = 15.0.28010.2003
MinimumVisualStudioVersion = 10.0.40219.1
Project("{E24C65DC-7377-472B-9ABA-BC803B73C61A}") = "Foster-EN-ASG11_PizzaV2", "Foster-EN-ASG11_PizzaV2\", "{DB1C1541-04A5-4CF3-82E2-734DDB4916E8}"
	ProjectSection(WebsiteProperties) = preProject
		TargetFrameworkMoniker = ".NETFramework,Version%3Dv4.6.1"
		Debug.AspNetCompiler.VirtualPath = "/localhost_50512"
		Debug.AspNetCompiler.PhysicalPath = "Foster-EN-ASG11_PizzaV2\"
		Debug.AspNetCompiler.TargetPath = "PrecompiledWeb\localhost_50512\"
		Debug.AspNetCompiler.Updateable = "true"
		Debug.AspNetCompiler.ForceOverwrite = "true"
		Debug.AspNetCompiler.FixedNames = "false"
		Debug.AspNetCompiler.Debug = "True"
		Release.AspNetCompiler.VirtualPath = "/localhost_50512"
		Release.AspNetCompiler.PhysicalPath = "Foster-EN-ASG11_PizzaV2\"
		Release.AspNetCompiler.TargetPath = "PrecompiledWeb\localhost_50512\"
		Release.AspNetCompiler.Updateable = "true"
		Release.AspNetCompiler.ForceOverwrite = "true"
		Release.AspNetCompiler.FixedNames = "false"
		Release.AspNetCompiler.Debug = "False"
		VWDPort = "50512"
		SlnRelativePath = "Foster-EN-ASG11_PizzaV2\"
		DefaultWebSiteLanguage = "Visual C#"
	EndProjectSection
EndProject
Global
	GlobalSection(SolutionConfigurationPlatforms) = preSolution
		Debug|Any CPU = Debug|Any CPU
	EndGlobalSection
	GlobalSection(ProjectConfigurationPlatforms) = postSolution
		{DB1C1541-04A5-4CF3-82E2-734DDB4916E8}.Debug|Any CPU.ActiveCfg = Debug|Any CPU
		{DB1C1541-04A5-4CF3-82E2-734DDB4916E8}.Debug|Any CPU.Build.0 = Debug|Any CPU
	EndGlobalSection
	GlobalSection(SolutionProperties) = preSolution
		HideSolutionNode = FALSE
	EndGlobalSection
	GlobalSection(ExtensibilityGlobals) = postSolution
		SolutionGuid = {1234A2BA-E71F-4BAE-9558-F9AF719BC11B}
	EndGlobalSection
EndGlobal
